
Microsoft Visual Studio Solution File, Format Version 12.00
# Visual Studio Version 17
VisualStudioVersion = 17.9.34616.47
MinimumVisualStudioVersion = 10.0.40219.1
Project("{8BC9CEB8-8B4A-11D0-8D11-00A0C91BC942}") = "CircularQueues", "CircularQueues\CircularQueues.vcxproj", "{C601DF01-C1A5-4BEF-8586-7221A616F891}"
EndProject
Global
	GlobalSection(SolutionConfigurationPlatforms) = preSolution
		Debug|x64 = Debug|x64
		Debug|x86 = Debug|x86
		Release|x64 = Release|x64
		Release|x86 = Release|x86
	EndGlobalSection
	GlobalSection(ProjectConfigurationPlatforms) = postSolution
		{C601DF01-C1A5-4BEF-8586-7221A616F891}.Debug|x64.ActiveCfg = Debug|x64
		{C601DF01-C1A5-4BEF-8586-7221A616F891}.Debug|x64.Build.0 = Debug|x64
		{C601DF01-C1A5-4BEF-8586-7221A616F891}.Debug|x86.ActiveCfg = Debug|Win32
		{C601DF01-C1A5-4BEF-8586-7221A616F891}.Debug|x86.Build.0 = Debug|Win32
		{C601DF01-C1A5-4BEF-8586-7221A616F891}.Release|x64.ActiveCfg = Release|x64
		{C601DF01-C1A5-4BEF-8586-7221A616F891}.Release|x64.Build.0 = Release|x64
		{C601DF01-C1A5-4BEF-8586-7221A616F891}.Release|x86.ActiveCfg = Release|Win32
		{C601DF01-C1A5-4BEF-8586-7221A616F891}.Release|x86.Build.0 = Release|Win32
	EndGlobalSection
	GlobalSection(SolutionProperties) = preSolution
		HideSolutionNode = FALSE
	EndGlobalSection
	GlobalSection(ExtensibilityGlobals) = postSolution
		SolutionGuid = {E7CB5842-4E18-4BA4-8155-89A00D7998B2}
	EndGlobalSection
EndGlobal
